
Microsoft Visual Studio Solution File, Format Version 12.00
# Visual Studio Version 17
Project("{2150E333-8FDC-42A3-9474-1A3956D46DE8}") = "CMakePredefinedTargets", "CMakePredefinedTargets", "{238B93D4-7AD8-3796-AA6B-F6948668BF23}"
EndProject
Project("{2150E333-8FDC-42A3-9474-1A3956D46DE8}") = "External", "External", "{66D88200-1018-3033-A510-3D5A0471D046}"
EndProject
Project("{2150E333-8FDC-42A3-9474-1A3956D46DE8}") = "Internal", "Internal", "{9AFC5C40-2D1E-30D3-AA2A-7E507FC2014F}"
EndProject
Project("{8BC9CEB8-8B4A-11D0-8D11-00A0C91BC942}") = "ALL_BUILD", "ALL_BUILD.vcxproj", "{932677EB-3A56-3453-B9D4-28C20B716279}"
	ProjectSection(ProjectDependencies) = postProject
		{FF08626E-CAD3-3A99-9CD1-F6830F6EB7CF} = {FF08626E-CAD3-3A99-9CD1-F6830F6EB7CF}
		{A7C9626C-1F1A-3D7B-AE98-7D9FCAB7DA76} = {A7C9626C-1F1A-3D7B-AE98-7D9FCAB7DA76}
		{6C9B7989-AF90-3819-8EA8-807792DAD8F9} = {6C9B7989-AF90-3819-8EA8-807792DAD8F9}
		{C125CA11-A2C4-34C7-A470-2D73A73F5610} = {C125CA11-A2C4-34C7-A470-2D73A73F5610}
		{441A70B5-7B55-39EE-8E56-C04D7BE84565} = {441A70B5-7B55-39EE-8E56-C04D7BE84565}
		{4DA2003B-AD00-3FC2-B019-3D32746325FB} = {4DA2003B-AD00-3FC2-B019-3D32746325FB}
		{59B5A694-4E95-3D38-8942-8820E4FBD1FC} = {59B5A694-4E95-3D38-8942-8820E4FBD1FC}
		{58B130B6-65F0-3584-8159-F987EE8A063B} = {58B130B6-65F0-3584-8159-F987EE8A063B}
		{C77ACA14-2641-36D2-BC61-6AED74E63382} = {C77ACA14-2641-36D2-BC61-6AED74E63382}
		{84146CC0-D964-385B-9E56-7FC6C16E744C} = {84146CC0-D964-385B-9E56-7FC6C16E744C}
		{88191323-20CD-39B5-97BB-AEED1157C136} = {88191323-20CD-39B5-97BB-AEED1157C136}
		{41781A1D-8030-3E92-9584-40E9ED3A89D4} = {41781A1D-8030-3E92-9584-40E9ED3A89D4}
		{680205DA-61C0-31BF-9163-C57A00839764} = {680205DA-61C0-31BF-9163-C57A00839764}
	EndProjectSection
EndProject
Project("{8BC9CEB8-8B4A-11D0-8D11-00A0C91BC942}") = "ZERO_CHECK", "..\..\..\\ZERO_CHECK.vcxproj", "{FF08626E-CAD3-3A99-9CD1-F6830F6EB7CF}"
	ProjectSection(ProjectDependencies) = postProject
	EndProjectSection
EndProject
Project("{8BC9CEB8-8B4A-11D0-8D11-00A0C91BC942}") = "cocos2d", "cocos2d.vcxproj", "{A7C9626C-1F1A-3D7B-AE98-7D9FCAB7DA76}"
	ProjectSection(ProjectDependencies) = postProject
		{FF08626E-CAD3-3A99-9CD1-F6830F6EB7CF} = {FF08626E-CAD3-3A99-9CD1-F6830F6EB7CF}
		{6C9B7989-AF90-3819-8EA8-807792DAD8F9} = {6C9B7989-AF90-3819-8EA8-807792DAD8F9}
		{C125CA11-A2C4-34C7-A470-2D73A73F5610} = {C125CA11-A2C4-34C7-A470-2D73A73F5610}
		{441A70B5-7B55-39EE-8E56-C04D7BE84565} = {441A70B5-7B55-39EE-8E56-C04D7BE84565}
		{4DA2003B-AD00-3FC2-B019-3D32746325FB} = {4DA2003B-AD00-3FC2-B019-3D32746325FB}
		{59B5A694-4E95-3D38-8942-8820E4FBD1FC} = {59B5A694-4E95-3D38-8942-8820E4FBD1FC}
		{58B130B6-65F0-3584-8159-F987EE8A063B} = {58B130B6-65F0-3584-8159-F987EE8A063B}
		{C77ACA14-2641-36D2-BC61-6AED74E63382} = {C77ACA14-2641-36D2-BC61-6AED74E63382}
		{84146CC0-D964-385B-9E56-7FC6C16E744C} = {84146CC0-D964-385B-9E56-7FC6C16E744C}
		{88191323-20CD-39B5-97BB-AEED1157C136} = {88191323-20CD-39B5-97BB-AEED1157C136}
		{41781A1D-8030-3E92-9584-40E9ED3A89D4} = {41781A1D-8030-3E92-9584-40E9ED3A89D4}
		{680205DA-61C0-31BF-9163-C57A00839764} = {680205DA-61C0-31BF-9163-C57A00839764}
	EndProjectSection
EndProject
Project("{8BC9CEB8-8B4A-11D0-8D11-00A0C91BC942}") = "ext_clipper", "..\..\external\clipper\ext_clipper.vcxproj", "{6C9B7989-AF90-3819-8EA8-807792DAD8F9}"
	ProjectSection(ProjectDependencies) = postProject
		{FF08626E-CAD3-3A99-9CD1-F6830F6EB7CF} = {FF08626E-CAD3-3A99-9CD1-F6830F6EB7CF}
	EndProjectSection
EndProject
Project("{8BC9CEB8-8B4A-11D0-8D11-00A0C91BC942}") = "ext_convertUTF", "..\..\external\ConvertUTF\ext_convertUTF.vcxproj", "{C125CA11-A2C4-34C7-A470-2D73A73F5610}"
	ProjectSection(ProjectDependencies) = postProject
		{FF08626E-CAD3-3A99-9CD1-F6830F6EB7CF} = {FF08626E-CAD3-3A99-9CD1-F6830F6EB7CF}
	EndProjectSection
EndProject
Project("{8BC9CEB8-8B4A-11D0-8D11-00A0C91BC942}") = "ext_edtaa3func", "..\..\external\edtaa3func\ext_edtaa3func.vcxproj", "{441A70B5-7B55-39EE-8E56-C04D7BE84565}"
	ProjectSection(ProjectDependencies) = postProject
		{FF08626E-CAD3-3A99-9CD1-F6830F6EB7CF} = {FF08626E-CAD3-3A99-9CD1-F6830F6EB7CF}
	EndProjectSection
EndProject
Project("{8BC9CEB8-8B4A-11D0-8D11-00A0C91BC942}") = "ext_md5", "..\..\external\md5\ext_md5.vcxproj", "{4DA2003B-AD00-3FC2-B019-3D32746325FB}"
	ProjectSection(ProjectDependencies) = postProject
		{FF08626E-CAD3-3A99-9CD1-F6830F6EB7CF} = {FF08626E-CAD3-3A99-9CD1-F6830F6EB7CF}
	EndProjectSection
EndProject
Project("{8BC9CEB8-8B4A-11D0-8D11-00A0C91BC942}") = "ext_poly2tri", "..\..\external\poly2tri\ext_poly2tri.vcxproj", "{59B5A694-4E95-3D38-8942-8820E4FBD1FC}"
	ProjectSection(ProjectDependencies) = postProject
		{FF08626E-CAD3-3A99-9CD1-F6830F6EB7CF} = {FF08626E-CAD3-3A99-9CD1-F6830F6EB7CF}
	EndProjectSection
EndProject
Project("{8BC9CEB8-8B4A-11D0-8D11-00A0C91BC942}") = "ext_recast", "..\..\external\recast\ext_recast.vcxproj", "{58B130B6-65F0-3584-8159-F987EE8A063B}"
	ProjectSection(ProjectDependencies) = postProject
		{FF08626E-CAD3-3A99-9CD1-F6830F6EB7CF} = {FF08626E-CAD3-3A99-9CD1-F6830F6EB7CF}
	EndProjectSection
EndProject
Project("{8BC9CEB8-8B4A-11D0-8D11-00A0C91BC942}") = "ext_tinyxml2", "..\..\external\tinyxml2\ext_tinyxml2.vcxproj", "{C77ACA14-2641-36D2-BC61-6AED74E63382}"
	ProjectSection(ProjectDependencies) = postProject
		{FF08626E-CAD3-3A99-9CD1-F6830F6EB7CF} = {FF08626E-CAD3-3A99-9CD1-F6830F6EB7CF}
	EndProjectSection
EndProject
Project("{8BC9CEB8-8B4A-11D0-8D11-00A0C91BC942}") = "ext_unzip", "..\..\external\unzip\ext_unzip.vcxproj", "{84146CC0-D964-385B-9E56-7FC6C16E744C}"
	ProjectSection(ProjectDependencies) = postProject
		{FF08626E-CAD3-3A99-9CD1-F6830F6EB7CF} = {FF08626E-CAD3-3A99-9CD1-F6830F6EB7CF}
	EndProjectSection
EndProject
Project("{8BC9CEB8-8B4A-11D0-8D11-00A0C91BC942}") = "ext_xxhash", "..\..\external\xxhash\ext_xxhash.vcxproj", "{88191323-20CD-39B5-97BB-AEED1157C136}"
	ProjectSection(ProjectDependencies) = postProject
		{FF08626E-CAD3-3A99-9CD1-F6830F6EB7CF} = {FF08626E-CAD3-3A99-9CD1-F6830F6EB7CF}
	EndProjectSection
EndProject
Project("{8BC9CEB8-8B4A-11D0-8D11-00A0C91BC942}") = "ext_xxtea", "..\..\external\xxtea\ext_xxtea.vcxproj", "{41781A1D-8030-3E92-9584-40E9ED3A89D4}"
	ProjectSection(ProjectDependencies) = postProject
		{FF08626E-CAD3-3A99-9CD1-F6830F6EB7CF} = {FF08626E-CAD3-3A99-9CD1-F6830F6EB7CF}
	EndProjectSection
EndProject
Project("{8BC9CEB8-8B4A-11D0-8D11-00A0C91BC942}") = "external", "..\..\external\external.vcxproj", "{680205DA-61C0-31BF-9163-C57A00839764}"
	ProjectSection(ProjectDependencies) = postProject
		{FF08626E-CAD3-3A99-9CD1-F6830F6EB7CF} = {FF08626E-CAD3-3A99-9CD1-F6830F6EB7CF}
		{6C9B7989-AF90-3819-8EA8-807792DAD8F9} = {6C9B7989-AF90-3819-8EA8-807792DAD8F9}
		{C125CA11-A2C4-34C7-A470-2D73A73F5610} = {C125CA11-A2C4-34C7-A470-2D73A73F5610}
		{441A70B5-7B55-39EE-8E56-C04D7BE84565} = {441A70B5-7B55-39EE-8E56-C04D7BE84565}
		{4DA2003B-AD00-3FC2-B019-3D32746325FB} = {4DA2003B-AD00-3FC2-B019-3D32746325FB}
		{59B5A694-4E95-3D38-8942-8820E4FBD1FC} = {59B5A694-4E95-3D38-8942-8820E4FBD1FC}
		{58B130B6-65F0-3584-8159-F987EE8A063B} = {58B130B6-65F0-3584-8159-F987EE8A063B}
		{C77ACA14-2641-36D2-BC61-6AED74E63382} = {C77ACA14-2641-36D2-BC61-6AED74E63382}
		{84146CC0-D964-385B-9E56-7FC6C16E744C} = {84146CC0-D964-385B-9E56-7FC6C16E744C}
		{88191323-20CD-39B5-97BB-AEED1157C136} = {88191323-20CD-39B5-97BB-AEED1157C136}
		{41781A1D-8030-3E92-9584-40E9ED3A89D4} = {41781A1D-8030-3E92-9584-40E9ED3A89D4}
	EndProjectSection
EndProject
Global
	GlobalSection(SolutionConfigurationPlatforms) = preSolution
		Debug|win32 = Debug|win32
		Release|win32 = Release|win32
		MinSizeRel|win32 = MinSizeRel|win32
		RelWithDebInfo|win32 = RelWithDebInfo|win32
	EndGlobalSection
	GlobalSection(ProjectConfigurationPlatforms) = postSolution
		{932677EB-3A56-3453-B9D4-28C20B716279}.Debug|win32.ActiveCfg = Debug|win32
		{932677EB-3A56-3453-B9D4-28C20B716279}.Release|win32.ActiveCfg = Release|win32
		{932677EB-3A56-3453-B9D4-28C20B716279}.MinSizeRel|win32.ActiveCfg = MinSizeRel|win32
		{932677EB-3A56-3453-B9D4-28C20B716279}.RelWithDebInfo|win32.ActiveCfg = RelWithDebInfo|win32
		{FF08626E-CAD3-3A99-9CD1-F6830F6EB7CF}.Debug|win32.ActiveCfg = Debug|win32
		{FF08626E-CAD3-3A99-9CD1-F6830F6EB7CF}.Debug|win32.Build.0 = Debug|win32
		{FF08626E-CAD3-3A99-9CD1-F6830F6EB7CF}.Release|win32.ActiveCfg = Release|win32
		{FF08626E-CAD3-3A99-9CD1-F6830F6EB7CF}.Release|win32.Build.0 = Release|win32
		{FF08626E-CAD3-3A99-9CD1-F6830F6EB7CF}.MinSizeRel|win32.ActiveCfg = MinSizeRel|win32
		{FF08626E-CAD3-3A99-9CD1-F6830F6EB7CF}.MinSizeRel|win32.Build.0 = MinSizeRel|win32
		{FF08626E-CAD3-3A99-9CD1-F6830F6EB7CF}.RelWithDebInfo|win32.ActiveCfg = RelWithDebInfo|win32
		{FF08626E-CAD3-3A99-9CD1-F6830F6EB7CF}.RelWithDebInfo|win32.Build.0 = RelWithDebInfo|win32
		{A7C9626C-1F1A-3D7B-AE98-7D9FCAB7DA76}.Debug|win32.ActiveCfg = Debug|win32
		{A7C9626C-1F1A-3D7B-AE98-7D9FCAB7DA76}.Debug|win32.Build.0 = Debug|win32
		{A7C9626C-1F1A-3D7B-AE98-7D9FCAB7DA76}.Release|win32.ActiveCfg = Release|win32
		{A7C9626C-1F1A-3D7B-AE98-7D9FCAB7DA76}.Release|win32.Build.0 = Release|win32
		{A7C9626C-1F1A-3D7B-AE98-7D9FCAB7DA76}.MinSizeRel|win32.ActiveCfg = MinSizeRel|win32
		{A7C9626C-1F1A-3D7B-AE98-7D9FCAB7DA76}.MinSizeRel|win32.Build.0 = MinSizeRel|win32
		{A7C9626C-1F1A-3D7B-AE98-7D9FCAB7DA76}.RelWithDebInfo|win32.ActiveCfg = RelWithDebInfo|win32
		{A7C9626C-1F1A-3D7B-AE98-7D9FCAB7DA76}.RelWithDebInfo|win32.Build.0 = RelWithDebInfo|win32
		{6C9B7989-AF90-3819-8EA8-807792DAD8F9}.Debug|win32.ActiveCfg = Debug|win32
		{6C9B7989-AF90-3819-8EA8-807792DAD8F9}.Debug|win32.Build.0 = Debug|win32
		{6C9B7989-AF90-3819-8EA8-807792DAD8F9}.Release|win32.ActiveCfg = Release|win32
		{6C9B7989-AF90-3819-8EA8-807792DAD8F9}.Release|win32.Build.0 = Release|win32
		{6C9B7989-AF90-3819-8EA8-807792DAD8F9}.MinSizeRel|win32.ActiveCfg = MinSizeRel|win32
		{6C9B7989-AF90-3819-8EA8-807792DAD8F9}.MinSizeRel|win32.Build.0 = MinSizeRel|win32
		{6C9B7989-AF90-3819-8EA8-807792DAD8F9}.RelWithDebInfo|win32.ActiveCfg = RelWithDebInfo|win32
		{6C9B7989-AF90-3819-8EA8-807792DAD8F9}.RelWithDebInfo|win32.Build.0 = RelWithDebInfo|win32
		{C125CA11-A2C4-34C7-A470-2D73A73F5610}.Debug|win32.ActiveCfg = Debug|win32
		{C125CA11-A2C4-34C7-A470-2D73A73F5610}.Debug|win32.Build.0 = Debug|win32
		{C125CA11-A2C4-34C7-A470-2D73A73F5610}.Release|win32.ActiveCfg = Release|win32
		{C125CA11-A2C4-34C7-A470-2D73A73F5610}.Release|win32.Build.0 = Release|win32
		{C125CA11-A2C4-34C7-A470-2D73A73F5610}.MinSizeRel|win32.ActiveCfg = MinSizeRel|win32
		{C125CA11-A2C4-34C7-A470-2D73A73F5610}.MinSizeRel|win32.Build.0 = MinSizeRel|win32
		{C125CA11-A2C4-34C7-A470-2D73A73F5610}.RelWithDebInfo|win32.ActiveCfg = RelWithDebInfo|win32
		{C125CA11-A2C4-34C7-A470-2D73A73F5610}.RelWithDebInfo|win32.Build.0 = RelWithDebInfo|win32
		{441A70B5-7B55-39EE-8E56-C04D7BE84565}.Debug|win32.ActiveCfg = Debug|win32
		{441A70B5-7B55-39EE-8E56-C04D7BE84565}.Debug|win32.Build.0 = Debug|win32
		{441A70B5-7B55-39EE-8E56-C04D7BE84565}.Release|win32.ActiveCfg = Release|win32
		{441A70B5-7B55-39EE-8E56-C04D7BE84565}.Release|win32.Build.0 = Release|win32
		{441A70B5-7B55-39EE-8E56-C04D7BE84565}.MinSizeRel|win32.ActiveCfg = MinSizeRel|win32
		{441A70B5-7B55-39EE-8E56-C04D7BE84565}.MinSizeRel|win32.Build.0 = MinSizeRel|win32
		{441A70B5-7B55-39EE-8E56-C04D7BE84565}.RelWithDebInfo|win32.ActiveCfg = RelWithDebInfo|win32
		{441A70B5-7B55-39EE-8E56-C04D7BE84565}.RelWithDebInfo|win32.Build.0 = RelWithDebInfo|win32
		{4DA2003B-AD00-3FC2-B019-3D32746325FB}.Debug|win32.ActiveCfg = Debug|win32
		{4DA2003B-AD00-3FC2-B019-3D32746325FB}.Debug|win32.Build.0 = Debug|win32
		{4DA2003B-AD00-3FC2-B019-3D32746325FB}.Release|win32.ActiveCfg = Release|win32
		{4DA2003B-AD00-3FC2-B019-3D32746325FB}.Release|win32.Build.0 = Release|win32
		{4DA2003B-AD00-3FC2-B019-3D32746325FB}.MinSizeRel|win32.ActiveCfg = MinSizeRel|win32
		{4DA2003B-AD00-3FC2-B019-3D32746325FB}.MinSizeRel|win32.Build.0 = MinSizeRel|win32
		{4DA2003B-AD00-3FC2-B019-3D32746325FB}.RelWithDebInfo|win32.ActiveCfg = RelWithDebInfo|win32
		{4DA2003B-AD00-3FC2-B019-3D32746325FB}.RelWithDebInfo|win32.Build.0 = RelWithDebInfo|win32
		{59B5A694-4E95-3D38-8942-8820E4FBD1FC}.Debug|win32.ActiveCfg = Debug|win32
		{59B5A694-4E95-3D38-8942-8820E4FBD1FC}.Debug|win32.Build.0 = Debug|win32
		{59B5A694-4E95-3D38-8942-8820E4FBD1FC}.Release|win32.ActiveCfg = Release|win32
		{59B5A694-4E95-3D38-8942-8820E4FBD1FC}.Release|win32.Build.0 = Release|win32
		{59B5A694-4E95-3D38-8942-8820E4FBD1FC}.MinSizeRel|win32.ActiveCfg = MinSizeRel|win32
		{59B5A694-4E95-3D38-8942-8820E4FBD1FC}.MinSizeRel|win32.Build.0 = MinSizeRel|win32
		{59B5A694-4E95-3D38-8942-8820E4FBD1FC}.RelWithDebInfo|win32.ActiveCfg = RelWithDebInfo|win32
		{59B5A694-4E95-3D38-8942-8820E4FBD1FC}.RelWithDebInfo|win32.Build.0 = RelWithDebInfo|win32
		{58B130B6-65F0-3584-8159-F987EE8A063B}.Debug|win32.ActiveCfg = Debug|win32
		{58B130B6-65F0-3584-8159-F987EE8A063B}.Debug|win32.Build.0 = Debug|win32
		{58B130B6-65F0-3584-8159-F987EE8A063B}.Release|win32.ActiveCfg = Release|win32
		{58B130B6-65F0-3584-8159-F987EE8A063B}.Release|win32.Build.0 = Release|win32
		{58B130B6-65F0-3584-8159-F987EE8A063B}.MinSizeRel|win32.ActiveCfg = MinSizeRel|win32
		{58B130B6-65F0-3584-8159-F987EE8A063B}.MinSizeRel|win32.Build.0 = MinSizeRel|win32
		{58B130B6-65F0-3584-8159-F987EE8A063B}.RelWithDebInfo|win32.ActiveCfg = RelWithDebInfo|win32
		{58B130B6-65F0-3584-8159-F987EE8A063B}.RelWithDebInfo|win32.Build.0 = RelWithDebInfo|win32
		{C77ACA14-2641-36D2-BC61-6AED74E63382}.Debug|win32.ActiveCfg = Debug|win32
		{C77ACA14-2641-36D2-BC61-6AED74E63382}.Debug|win32.Build.0 = Debug|win32
		{C77ACA14-2641-36D2-BC61-6AED74E63382}.Release|win32.ActiveCfg = Release|win32
		{C77ACA14-2641-36D2-BC61-6AED74E63382}.Release|win32.Build.0 = Release|win32
		{C77ACA14-2641-36D2-BC61-6AED74E63382}.MinSizeRel|win32.ActiveCfg = MinSizeRel|win32
		{C77ACA14-2641-36D2-BC61-6AED74E63382}.MinSizeRel|win32.Build.0 = MinSizeRel|win32
		{C77ACA14-2641-36D2-BC61-6AED74E63382}.RelWithDebInfo|win32.ActiveCfg = RelWithDebInfo|win32
		{C77ACA14-2641-36D2-BC61-6AED74E63382}.RelWithDebInfo|win32.Build.0 = RelWithDebInfo|win32
		{84146CC0-D964-385B-9E56-7FC6C16E744C}.Debug|win32.ActiveCfg = Debug|win32
		{84146CC0-D964-385B-9E56-7FC6C16E744C}.Debug|win32.Build.0 = Debug|win32
		{84146CC0-D964-385B-9E56-7FC6C16E744C}.Release|win32.ActiveCfg = Release|win32
		{84146CC0-D964-385B-9E56-7FC6C16E744C}.Release|win32.Build.0 = Release|win32
		{84146CC0-D964-385B-9E56-7FC6C16E744C}.MinSizeRel|win32.ActiveCfg = MinSizeRel|win32
		{84146CC0-D964-385B-9E56-7FC6C16E744C}.MinSizeRel|win32.Build.0 = MinSizeRel|win32
		{84146CC0-D964-385B-9E56-7FC6C16E744C}.RelWithDebInfo|win32.ActiveCfg = RelWithDebInfo|win32
		{84146CC0-D964-385B-9E56-7FC6C16E744C}.RelWithDebInfo|win32.Build.0 = RelWithDebInfo|win32
		{88191323-20CD-39B5-97BB-AEED1157C136}.Debug|win32.ActiveCfg = Debug|win32
		{88191323-20CD-39B5-97BB-AEED1157C136}.Debug|win32.Build.0 = Debug|win32
		{88191323-20CD-39B5-97BB-AEED1157C136}.Release|win32.ActiveCfg = Release|win32
		{88191323-20CD-39B5-97BB-AEED1157C136}.Release|win32.Build.0 = Release|win32
		{88191323-20CD-39B5-97BB-AEED1157C136}.MinSizeRel|win32.ActiveCfg = MinSizeRel|win32
		{88191323-20CD-39B5-97BB-AEED1157C136}.MinSizeRel|win32.Build.0 = MinSizeRel|win32
		{88191323-20CD-39B5-97BB-AEED1157C136}.RelWithDebInfo|win32.ActiveCfg = RelWithDebInfo|win32
		{88191323-20CD-39B5-97BB-AEED1157C136}.RelWithDebInfo|win32.Build.0 = RelWithDebInfo|win32
		{41781A1D-8030-3E92-9584-40E9ED3A89D4}.Debug|win32.ActiveCfg = Debug|win32
		{41781A1D-8030-3E92-9584-40E9ED3A89D4}.Debug|win32.Build.0 = Debug|win32
		{41781A1D-8030-3E92-9584-40E9ED3A89D4}.Release|win32.ActiveCfg = Release|win32
		{41781A1D-8030-3E92-9584-40E9ED3A89D4}.Release|win32.Build.0 = Release|win32
		{41781A1D-8030-3E92-9584-40E9ED3A89D4}.MinSizeRel|win32.ActiveCfg = MinSizeRel|win32
		{41781A1D-8030-3E92-9584-40E9ED3A89D4}.MinSizeRel|win32.Build.0 = MinSizeRel|win32
		{41781A1D-8030-3E92-9584-40E9ED3A89D4}.RelWithDebInfo|win32.ActiveCfg = RelWithDebInfo|win32
		{41781A1D-8030-3E92-9584-40E9ED3A89D4}.RelWithDebInfo|win32.Build.0 = RelWithDebInfo|win32
		{680205DA-61C0-31BF-9163-C57A00839764}.Debug|win32.ActiveCfg = Debug|win32
		{680205DA-61C0-31BF-9163-C57A00839764}.Debug|win32.Build.0 = Debug|win32
		{680205DA-61C0-31BF-9163-C57A00839764}.Release|win32.ActiveCfg = Release|win32
		{680205DA-61C0-31BF-9163-C57A00839764}.Release|win32.Build.0 = Release|win32
		{680205DA-61C0-31BF-9163-C57A00839764}.MinSizeRel|win32.ActiveCfg = MinSizeRel|win32
		{680205DA-61C0-31BF-9163-C57A00839764}.MinSizeRel|win32.Build.0 = MinSizeRel|win32
		{680205DA-61C0-31BF-9163-C57A00839764}.RelWithDebInfo|win32.ActiveCfg = RelWithDebInfo|win32
		{680205DA-61C0-31BF-9163-C57A00839764}.RelWithDebInfo|win32.Build.0 = RelWithDebInfo|win32
	EndGlobalSection
	GlobalSection(NestedProjects) = preSolution
		{932677EB-3A56-3453-B9D4-28C20B716279} = {238B93D4-7AD8-3796-AA6B-F6948668BF23}
		{FF08626E-CAD3-3A99-9CD1-F6830F6EB7CF} = {238B93D4-7AD8-3796-AA6B-F6948668BF23}
		{6C9B7989-AF90-3819-8EA8-807792DAD8F9} = {66D88200-1018-3033-A510-3D5A0471D046}
		{C125CA11-A2C4-34C7-A470-2D73A73F5610} = {66D88200-1018-3033-A510-3D5A0471D046}
		{441A70B5-7B55-39EE-8E56-C04D7BE84565} = {66D88200-1018-3033-A510-3D5A0471D046}
		{4DA2003B-AD00-3FC2-B019-3D32746325FB} = {66D88200-1018-3033-A510-3D5A0471D046}
		{59B5A694-4E95-3D38-8942-8820E4FBD1FC} = {66D88200-1018-3033-A510-3D5A0471D046}
		{58B130B6-65F0-3584-8159-F987EE8A063B} = {66D88200-1018-3033-A510-3D5A0471D046}
		{C77ACA14-2641-36D2-BC61-6AED74E63382} = {66D88200-1018-3033-A510-3D5A0471D046}
		{84146CC0-D964-385B-9E56-7FC6C16E744C} = {66D88200-1018-3033-A510-3D5A0471D046}
		{88191323-20CD-39B5-97BB-AEED1157C136} = {66D88200-1018-3033-A510-3D5A0471D046}
		{41781A1D-8030-3E92-9584-40E9ED3A89D4} = {66D88200-1018-3033-A510-3D5A0471D046}
		{680205DA-61C0-31BF-9163-C57A00839764} = {66D88200-1018-3033-A510-3D5A0471D046}
		{A7C9626C-1F1A-3D7B-AE98-7D9FCAB7DA76} = {9AFC5C40-2D1E-30D3-AA2A-7E507FC2014F}
	EndGlobalSection
	GlobalSection(ExtensibilityGlobals) = postSolution
		SolutionGuid = {8BB730D3-194E-38A6-99EA-A5E378280E46}
	EndGlobalSection
	GlobalSection(ExtensibilityAddIns) = postSolution
	EndGlobalSection
EndGlobal
